<?xml version="1.0" encoding="utf-8"?>
<Project ToolsVersion="4.0" xmlns="http://schemas.microsoft.com/developer/msbuild/2003">
  <ItemGroup>
    <Filter Include="Core">
      <UniqueIdentifier>{2EB4837C-1AEB-840D-C3D7-6A10AFED000F}</UniqueIdentifier>
    </Filter>
    <Filter Include="Core\OpenGL">
      <UniqueIdentifier>{A21D028B-0ED3-7A80-97C7-7457037C7184}</UniqueIdentifier>
    </Filter>
    <Filter Include="FileIO">
      <UniqueIdentifier>{FD1DD1B2-E9BF-FB88-D27A-0FDDBEBB82D9}</UniqueIdentifier>
    </Filter>
    <Filter Include="LuaAPI">
      <UniqueIdentifier>{6197A2C1-4D39-CD97-36F4-E0EB223554E8}</UniqueIdentifier>
    </Filter>
    <Filter Include="TextureMesh">
      <UniqueIdentifier>{836EC32D-EF23-3C23-7818-36FAE4CC3227}</UniqueIdentifier>
    </Filter>
  </ItemGroup>
  <ItemGroup>
    <ClInclude Include="src\Core\Application.h">
      <Filter>Core</Filter>
    </ClInclude>
    <ClInclude Include="src\Core\EntryPoint.h">
      <Filter>Core</Filter>
    </ClInclude>
    <ClInclude Include="src\Core\ImGuiAPI.h">
      <Filter>Core</Filter>
    </ClInclude>
    <ClInclude Include="src\Core\ImGuiWindow.h">
      <Filter>Core</Filter>
    </ClInclude>
    <ClInclude Include="src\Core\OpenGL\Include.h">
      <Filter>Core\OpenGL</Filter>
    </ClInclude>
    <ClInclude Include="src\Core\OpenGL\Renderer.h">
      <Filter>Core\OpenGL</Filter>
    </ClInclude>
    <ClInclude Include="src\Core\OpenGL\Shader.h">
      <Filter>Core\OpenGL</Filter>
    </ClInclude>
    <ClInclude Include="src\Core\OpenGL\Texture.h">
      <Filter>Core\OpenGL</Filter>
    </ClInclude>
    <ClInclude Include="src\Core\Timestep.h">
      <Filter>Core</Filter>
    </ClInclude>
    <ClInclude Include="src\FileIO\FileIO.h">
      <Filter>FileIO</Filter>
    </ClInclude>
    <ClInclude Include="src\LuaAPI\Lua.h">
      <Filter>LuaAPI</Filter>
    </ClInclude>
    <ClInclude Include="src\LuaAPI\LuaState.h">
      <Filter>LuaAPI</Filter>
    </ClInclude>
    <ClInclude Include="src\Macros.h" />
    <ClInclude Include="src\TextureMesh\Point.h">
      <Filter>TextureMesh</Filter>
    </ClInclude>
    <ClInclude Include="src\yst_pch.h" />
    <ClInclude Include="src\Core\OpenGL\Buffers\IndexBuffer.h">
      <Filter>Core\OpenGL</Filter>
    </ClInclude>
    <ClInclude Include="src\Core\OpenGL\Buffers\VertexArray.h" />
    <ClInclude Include="src\Core\OpenGL\Buffers\VertexBuffer.h">
      <Filter>Core\OpenGL</Filter>
    </ClInclude>
    <ClInclude Include="src\Core\OpenGL\Buffers\VertexBufferLayout.h" />
  </ItemGroup>
  <ItemGroup>
    <ClCompile Include="src\Core\Application.cpp">
      <Filter>Core</Filter>
    </ClCompile>
    <ClCompile Include="src\Core\ImGuiAPI.cpp">
      <Filter>Core</Filter>
    </ClCompile>
    <ClCompile Include="src\Core\OpenGL\Renderer.cpp">
      <Filter>Core\OpenGL</Filter>
    </ClCompile>
    <ClCompile Include="src\Core\OpenGL\Shader.cpp">
      <Filter>Core\OpenGL</Filter>
    </ClCompile>
    <ClCompile Include="src\Core\OpenGL\Texture.cpp">
      <Filter>Core\OpenGL</Filter>
    </ClCompile>
    <ClCompile Include="src\Core\main.cpp">
      <Filter>Core</Filter>
    </ClCompile>
    <ClCompile Include="src\FileIO\FileReading.cpp">
      <Filter>FileIO</Filter>
    </ClCompile>
    <ClCompile Include="src\LuaAPI\LuaState.cpp">
      <Filter>LuaAPI</Filter>
    </ClCompile>
    <ClCompile Include="src\TextureMesh\Point.cpp">
      <Filter>TextureMesh</Filter>
    </ClCompile>
    <ClCompile Include="src\yst_pch.cpp" />
    <ClCompile Include="src\Core\OpenGL\Buffers\IndexBuffer.cpp">
      <Filter>Core\OpenGL</Filter>
    </ClCompile>
    <ClCompile Include="src\Core\OpenGL\Buffers\VertexArray.cpp" />
    <ClCompile Include="src\Core\OpenGL\Buffers\VertexBuffer.cpp">
      <Filter>Core\OpenGL</Filter>
    </ClCompile>
  </ItemGroup>
  <ItemGroup>
    <None Include="src\Shaders\Texture.frag" />
  </ItemGroup>
</Project>