<?xml version="1.0" encoding="utf-8"?>
<Project ToolsVersion="4.0" xmlns="http://schemas.microsoft.com/developer/msbuild/2003">
  <ItemGroup>
    <Filter Include="Core">
      <UniqueIdentifier>{2EB4837C-1AEB-840D-C3D7-6A10AFED000F}</UniqueIdentifier>
    </Filter>
    <Filter Include="Core\Lua">
      <UniqueIdentifier>{BF3399C2-AB00-F4CD-D419-E275C045295C}</UniqueIdentifier>
    </Filter>
    <Filter Include="Core\Math">
      <UniqueIdentifier>{C7E5BF15-3350-748C-7C8E-2532E83752E1}</UniqueIdentifier>
    </Filter>
    <Filter Include="Core\OpenGL">
      <UniqueIdentifier>{A21D028B-0ED3-7A80-97C7-7457037C7184}</UniqueIdentifier>
    </Filter>
    <Filter Include="Core\OpenGL\Buffers">
      <UniqueIdentifier>{1E5F838D-8AC0-609B-132E-A74D7F8E975A}</UniqueIdentifier>
    </Filter>
    <Filter Include="Core\OpenGL\RenderAPI">
      <UniqueIdentifier>{4B2BA8E2-B797-63DD-808B-FB3AECB68545}</UniqueIdentifier>
    </Filter>
    <Filter Include="Core\Scene">
      <UniqueIdentifier>{CB0B2ACE-B7C3-6B1B-20CB-44770CA2060C}</UniqueIdentifier>
    </Filter>
    <Filter Include="FileIO">
      <UniqueIdentifier>{FD1DD1B2-E9BF-FB88-D27A-0FDDBEBB82D9}</UniqueIdentifier>
    </Filter>
    <Filter Include="LuaAPI">
      <UniqueIdentifier>{6197A2C1-4D39-CD97-36F4-E0EB223554E8}</UniqueIdentifier>
    </Filter>
  </ItemGroup>
  <ItemGroup>
    <ClInclude Include="src\Core\Application.h">
      <Filter>Core</Filter>
    </ClInclude>
    <ClInclude Include="src\Core\EntryPoint.h">
      <Filter>Core</Filter>
    </ClInclude>
    <ClInclude Include="src\Core\ImGuiAPI.h">
      <Filter>Core</Filter>
    </ClInclude>
    <ClInclude Include="src\Core\ImGuiWindow.h">
      <Filter>Core</Filter>
    </ClInclude>
    <ClInclude Include="src\Core\Lua\LuaPanel.h">
      <Filter>Core\Lua</Filter>
    </ClInclude>
    <ClInclude Include="src\Core\Lua\LuaVector2.h">
      <Filter>Core\Lua</Filter>
    </ClInclude>
    <ClInclude Include="src\Core\Math\Point.h">
      <Filter>Core\Math</Filter>
    </ClInclude>
    <ClInclude Include="src\Core\Math\Vector2.h">
      <Filter>Core\Math</Filter>
    </ClInclude>
    <ClInclude Include="src\Core\OpenGL\Buffers\FrameBuffer.h">
      <Filter>Core\OpenGL\Buffers</Filter>
    </ClInclude>
    <ClInclude Include="src\Core\OpenGL\Buffers\IndexBuffer.h">
      <Filter>Core\OpenGL\Buffers</Filter>
    </ClInclude>
    <ClInclude Include="src\Core\OpenGL\Buffers\VertexArray.h">
      <Filter>Core\OpenGL\Buffers</Filter>
    </ClInclude>
    <ClInclude Include="src\Core\OpenGL\Buffers\VertexBuffer.h">
      <Filter>Core\OpenGL\Buffers</Filter>
    </ClInclude>
    <ClInclude Include="src\Core\OpenGL\Buffers\VertexBufferLayout.h">
      <Filter>Core\OpenGL\Buffers</Filter>
    </ClInclude>
    <ClInclude Include="src\Core\OpenGL\Include.h">
      <Filter>Core\OpenGL</Filter>
    </ClInclude>
    <ClInclude Include="src\Core\OpenGL\RenderAPI\RendererAPI.h">
      <Filter>Core\OpenGL\RenderAPI</Filter>
    </ClInclude>
    <ClInclude Include="src\Core\OpenGL\RenderAPI\Shape.h">
      <Filter>Core\OpenGL\RenderAPI</Filter>
    </ClInclude>
    <ClInclude Include="src\Core\OpenGL\Shader.h">
      <Filter>Core\OpenGL</Filter>
    </ClInclude>
    <ClInclude Include="src\Core\OpenGL\ShaderContainer.h">
      <Filter>Core\OpenGL</Filter>
    </ClInclude>
    <ClInclude Include="src\Core\OpenGL\Texture.h">
      <Filter>Core\OpenGL</Filter>
    </ClInclude>
    <ClInclude Include="src\Core\Scene\Events.h">
      <Filter>Core\Scene</Filter>
    </ClInclude>
    <ClInclude Include="src\Core\Scene\Scene.h">
      <Filter>Core\Scene</Filter>
    </ClInclude>
    <ClInclude Include="src\Core\Timestep.h">
      <Filter>Core</Filter>
    </ClInclude>
    <ClInclude Include="src\FileIO\FileIO.h">
      <Filter>FileIO</Filter>
    </ClInclude>
    <ClInclude Include="src\LuaAPI\Lua.h">
      <Filter>LuaAPI</Filter>
    </ClInclude>
    <ClInclude Include="src\LuaAPI\LuaState.h">
      <Filter>LuaAPI</Filter>
    </ClInclude>
    <ClInclude Include="src\Macros.h" />
    <ClInclude Include="src\yst_pch.h" />
  </ItemGroup>
  <ItemGroup>
    <ClCompile Include="src\Core\Application.cpp">
      <Filter>Core</Filter>
    </ClCompile>
    <ClCompile Include="src\Core\ImGuiAPI.cpp">
      <Filter>Core</Filter>
    </ClCompile>
    <ClCompile Include="src\Core\Lua\LuaPanel.cpp">
      <Filter>Core\Lua</Filter>
    </ClCompile>
    <ClCompile Include="src\Core\Lua\LuaVector2.cpp">
      <Filter>Core\Lua</Filter>
    </ClCompile>
    <ClCompile Include="src\Core\Math\Point.cpp">
      <Filter>Core\Math</Filter>
    </ClCompile>
    <ClCompile Include="src\Core\Math\Vector2.cpp">
      <Filter>Core\Math</Filter>
    </ClCompile>
    <ClCompile Include="src\Core\OpenGL\Buffers\FrameBuffer.cpp">
      <Filter>Core\OpenGL\Buffers</Filter>
    </ClCompile>
    <ClCompile Include="src\Core\OpenGL\Buffers\IndexBuffer.cpp">
      <Filter>Core\OpenGL\Buffers</Filter>
    </ClCompile>
    <ClCompile Include="src\Core\OpenGL\Buffers\VertexArray.cpp">
      <Filter>Core\OpenGL\Buffers</Filter>
    </ClCompile>
    <ClCompile Include="src\Core\OpenGL\Buffers\VertexBuffer.cpp">
      <Filter>Core\OpenGL\Buffers</Filter>
    </ClCompile>
    <ClCompile Include="src\Core\OpenGL\RenderAPI\RendererAPI.cpp">
      <Filter>Core\OpenGL\RenderAPI</Filter>
    </ClCompile>
    <ClCompile Include="src\Core\OpenGL\RenderAPI\Shape.cpp">
      <Filter>Core\OpenGL\RenderAPI</Filter>
    </ClCompile>
    <ClCompile Include="src\Core\OpenGL\Shader.cpp">
      <Filter>Core\OpenGL</Filter>
    </ClCompile>
    <ClCompile Include="src\Core\OpenGL\ShaderContainer.cpp">
      <Filter>Core\OpenGL</Filter>
    </ClCompile>
    <ClCompile Include="src\Core\OpenGL\Texture.cpp">
      <Filter>Core\OpenGL</Filter>
    </ClCompile>
    <ClCompile Include="src\Core\Scene\Events.cpp">
      <Filter>Core\Scene</Filter>
    </ClCompile>
    <ClCompile Include="src\Core\Scene\Scene.cpp">
      <Filter>Core\Scene</Filter>
    </ClCompile>
    <ClCompile Include="src\Core\main.cpp">
      <Filter>Core</Filter>
    </ClCompile>
    <ClCompile Include="src\FileIO\FileReading.cpp">
      <Filter>FileIO</Filter>
    </ClCompile>
    <ClCompile Include="src\LuaAPI\LuaState.cpp">
      <Filter>LuaAPI</Filter>
    </ClCompile>
    <ClCompile Include="src\yst_pch.cpp" />
  </ItemGroup>
</Project>