<?xml version="1.0" encoding="utf-8"?>
<Project ToolsVersion="4.0" xmlns="http://schemas.microsoft.com/developer/msbuild/2003">
  <ItemGroup>
    <Filter Include="YSS Compiler">
      <UniqueIdentifier>{5FAD6BB5-4B10-FB59-F495-3310E0D7C6DC}</UniqueIdentifier>
    </Filter>
  </ItemGroup>
  <ItemGroup>
    <ClInclude Include="src\FileReader.h" />
    <ClInclude Include="src\YSS Compiler\Parser.h">
      <Filter>YSS Compiler</Filter>
    </ClInclude>
    <ClInclude Include="src\YSS Compiler\Resolving.h">
      <Filter>YSS Compiler</Filter>
    </ClInclude>
    <ClInclude Include="src\YSS Compiler\Tokenizer.h">
      <Filter>YSS Compiler</Filter>
    </ClInclude>
    <ClInclude Include="src\YSS Compiler\Tokens.h">
      <Filter>YSS Compiler</Filter>
    </ClInclude>
  </ItemGroup>
  <ItemGroup>
    <ClCompile Include="src\main.cpp" />
  </ItemGroup>
</Project>