
Microsoft Visual Studio Solution File, Format Version 12.00
# Visual Studio Version 17
Project("{8BC9CEB8-8B4A-11D0-8D11-00A0C91BC942}") = "YeastemEditor", "Yeastem\Editor\YeastemEditor.vcxproj", "{E47E121B-503F-8E51-197A-D7CE85F9D22D}"
EndProject
Project("{2150E333-8FDC-42A3-9474-1A3956D46DE8}") = "Dependencies", "Dependencies", "{53E47842-3FC8-3998-A828-34EB942B241A}"
EndProject
Project("{8BC9CEB8-8B4A-11D0-8D11-00A0C91BC942}") = "Glad", "Dependancies\Glad\Glad\Glad.vcxproj", "{BDD6857C-A90D-870D-52FA-6C103E10030F}"
EndProject
Project("{8BC9CEB8-8B4A-11D0-8D11-00A0C91BC942}") = "ImGui", "Dependancies\ImGui\ImGui\ImGui.vcxproj", "{C0FF640D-2C14-8DBE-F595-301E616989EF}"
EndProject
Project("{8BC9CEB8-8B4A-11D0-8D11-00A0C91BC942}") = "Lua", "Dependancies\Lua\Lua\Lua.vcxproj", "{A705880B-130F-887C-9C8A-9E7C0893937C}"
EndProject
Project("{8BC9CEB8-8B4A-11D0-8D11-00A0C91BC942}") = "SDL3", "Dependancies\SDL3\SDL3\SDL3.vcxproj", "{3BBE8B7C-27F5-8C0D-D0E1-7210BCF7080F}"
EndProject
Project("{8BC9CEB8-8B4A-11D0-8D11-00A0C91BC942}") = "stb_image", "Dependancies\stb_image\stb_image\stb_image.vcxproj", "{3096E6B0-9C00-9B27-E53E-4CCD51E8787C}"
EndProject
Project("{8BC9CEB8-8B4A-11D0-8D11-00A0C91BC942}") = "YSSCompiler", "Yeastem\Compiler\YSSCompiler.vcxproj", "{BFFC8D98-2BB2-068E-B4A6-0065205BFD91}"
EndProject
Project("{8BC9CEB8-8B4A-11D0-8D11-00A0C91BC942}") = "YeastemEngine", "Yeastem\Engine\YeastemEngine.vcxproj", "{332CC61B-9FEC-4152-6827-8BCFD4A6862E}"
EndProject
Project("{8BC9CEB8-8B4A-11D0-8D11-00A0C91BC942}") = "YeastemRuntime", "Yeastem\Runtime\YeastemRuntime.vcxproj", "{A184198E-8D52-0D94-76E6-7DBA6253E9F8}"
EndProject
Global
	GlobalSection(SolutionConfigurationPlatforms) = preSolution
		Debug|x64 = Debug|x64
		Dist|x64 = Dist|x64
		Release|x64 = Release|x64
	EndGlobalSection
	GlobalSection(ProjectConfigurationPlatforms) = postSolution
		{E47E121B-503F-8E51-197A-D7CE85F9D22D}.Debug|x64.ActiveCfg = Debug|x64
		{E47E121B-503F-8E51-197A-D7CE85F9D22D}.Debug|x64.Build.0 = Debug|x64
		{E47E121B-503F-8E51-197A-D7CE85F9D22D}.Dist|x64.ActiveCfg = Dist|x64
		{E47E121B-503F-8E51-197A-D7CE85F9D22D}.Dist|x64.Build.0 = Dist|x64
		{E47E121B-503F-8E51-197A-D7CE85F9D22D}.Release|x64.ActiveCfg = Release|x64
		{E47E121B-503F-8E51-197A-D7CE85F9D22D}.Release|x64.Build.0 = Release|x64
		{BDD6857C-A90D-870D-52FA-6C103E10030F}.Debug|x64.ActiveCfg = Debug|x64
		{BDD6857C-A90D-870D-52FA-6C103E10030F}.Debug|x64.Build.0 = Debug|x64
		{BDD6857C-A90D-870D-52FA-6C103E10030F}.Dist|x64.ActiveCfg = Dist|x64
		{BDD6857C-A90D-870D-52FA-6C103E10030F}.Dist|x64.Build.0 = Dist|x64
		{BDD6857C-A90D-870D-52FA-6C103E10030F}.Release|x64.ActiveCfg = Release|x64
		{BDD6857C-A90D-870D-52FA-6C103E10030F}.Release|x64.Build.0 = Release|x64
		{C0FF640D-2C14-8DBE-F595-301E616989EF}.Debug|x64.ActiveCfg = Debug|x64
		{C0FF640D-2C14-8DBE-F595-301E616989EF}.Debug|x64.Build.0 = Debug|x64
		{C0FF640D-2C14-8DBE-F595-301E616989EF}.Dist|x64.ActiveCfg = Dist|x64
		{C0FF640D-2C14-8DBE-F595-301E616989EF}.Dist|x64.Build.0 = Dist|x64
		{C0FF640D-2C14-8DBE-F595-301E616989EF}.Release|x64.ActiveCfg = Release|x64
		{C0FF640D-2C14-8DBE-F595-301E616989EF}.Release|x64.Build.0 = Release|x64
		{A705880B-130F-887C-9C8A-9E7C0893937C}.Debug|x64.ActiveCfg = Debug|x64
		{A705880B-130F-887C-9C8A-9E7C0893937C}.Debug|x64.Build.0 = Debug|x64
		{A705880B-130F-887C-9C8A-9E7C0893937C}.Dist|x64.ActiveCfg = Dist|x64
		{A705880B-130F-887C-9C8A-9E7C0893937C}.Dist|x64.Build.0 = Dist|x64
		{A705880B-130F-887C-9C8A-9E7C0893937C}.Release|x64.ActiveCfg = Release|x64
		{A705880B-130F-887C-9C8A-9E7C0893937C}.Release|x64.Build.0 = Release|x64
		{3BBE8B7C-27F5-8C0D-D0E1-7210BCF7080F}.Debug|x64.ActiveCfg = Debug|x64
		{3BBE8B7C-27F5-8C0D-D0E1-7210BCF7080F}.Debug|x64.Build.0 = Debug|x64
		{3BBE8B7C-27F5-8C0D-D0E1-7210BCF7080F}.Dist|x64.ActiveCfg = Dist|x64
		{3BBE8B7C-27F5-8C0D-D0E1-7210BCF7080F}.Dist|x64.Build.0 = Dist|x64
		{3BBE8B7C-27F5-8C0D-D0E1-7210BCF7080F}.Release|x64.ActiveCfg = Release|x64
		{3BBE8B7C-27F5-8C0D-D0E1-7210BCF7080F}.Release|x64.Build.0 = Release|x64
		{3096E6B0-9C00-9B27-E53E-4CCD51E8787C}.Debug|x64.ActiveCfg = Debug|x64
		{3096E6B0-9C00-9B27-E53E-4CCD51E8787C}.Debug|x64.Build.0 = Debug|x64
		{3096E6B0-9C00-9B27-E53E-4CCD51E8787C}.Dist|x64.ActiveCfg = Dist|x64
		{3096E6B0-9C00-9B27-E53E-4CCD51E8787C}.Dist|x64.Build.0 = Dist|x64
		{3096E6B0-9C00-9B27-E53E-4CCD51E8787C}.Release|x64.ActiveCfg = Release|x64
		{3096E6B0-9C00-9B27-E53E-4CCD51E8787C}.Release|x64.Build.0 = Release|x64
		{BFFC8D98-2BB2-068E-B4A6-0065205BFD91}.Debug|x64.ActiveCfg = Debug|x64
		{BFFC8D98-2BB2-068E-B4A6-0065205BFD91}.Debug|x64.Build.0 = Debug|x64
		{BFFC8D98-2BB2-068E-B4A6-0065205BFD91}.Dist|x64.ActiveCfg = Dist|x64
		{BFFC8D98-2BB2-068E-B4A6-0065205BFD91}.Dist|x64.Build.0 = Dist|x64
		{BFFC8D98-2BB2-068E-B4A6-0065205BFD91}.Release|x64.ActiveCfg = Release|x64
		{BFFC8D98-2BB2-068E-B4A6-0065205BFD91}.Release|x64.Build.0 = Release|x64
		{332CC61B-9FEC-4152-6827-8BCFD4A6862E}.Debug|x64.ActiveCfg = Debug|x64
		{332CC61B-9FEC-4152-6827-8BCFD4A6862E}.Debug|x64.Build.0 = Debug|x64
		{332CC61B-9FEC-4152-6827-8BCFD4A6862E}.Dist|x64.ActiveCfg = Dist|x64
		{332CC61B-9FEC-4152-6827-8BCFD4A6862E}.Dist|x64.Build.0 = Dist|x64
		{332CC61B-9FEC-4152-6827-8BCFD4A6862E}.Release|x64.ActiveCfg = Release|x64
		{332CC61B-9FEC-4152-6827-8BCFD4A6862E}.Release|x64.Build.0 = Release|x64
		{A184198E-8D52-0D94-76E6-7DBA6253E9F8}.Debug|x64.ActiveCfg = Debug|x64
		{A184198E-8D52-0D94-76E6-7DBA6253E9F8}.Debug|x64.Build.0 = Debug|x64
		{A184198E-8D52-0D94-76E6-7DBA6253E9F8}.Dist|x64.ActiveCfg = Dist|x64
		{A184198E-8D52-0D94-76E6-7DBA6253E9F8}.Dist|x64.Build.0 = Dist|x64
		{A184198E-8D52-0D94-76E6-7DBA6253E9F8}.Release|x64.ActiveCfg = Release|x64
		{A184198E-8D52-0D94-76E6-7DBA6253E9F8}.Release|x64.Build.0 = Release|x64
	EndGlobalSection
	GlobalSection(SolutionProperties) = preSolution
		HideSolutionNode = FALSE
	EndGlobalSection
	GlobalSection(NestedProjects) = preSolution
		{BDD6857C-A90D-870D-52FA-6C103E10030F} = {53E47842-3FC8-3998-A828-34EB942B241A}
		{C0FF640D-2C14-8DBE-F595-301E616989EF} = {53E47842-3FC8-3998-A828-34EB942B241A}
		{A705880B-130F-887C-9C8A-9E7C0893937C} = {53E47842-3FC8-3998-A828-34EB942B241A}
		{3BBE8B7C-27F5-8C0D-D0E1-7210BCF7080F} = {53E47842-3FC8-3998-A828-34EB942B241A}
		{3096E6B0-9C00-9B27-E53E-4CCD51E8787C} = {53E47842-3FC8-3998-A828-34EB942B241A}
	EndGlobalSection
EndGlobal
